// !$*UTF8*$!
{
	archiveVersion = 1;
	classes = {
	};
	objectVersion = 50;
	objects = {

/* Begin PBXBuildFile section */
		4FA28BBE20F67F1100AD3840 /* AppDelegate.swift in Sources */ = {isa = PBXBuildFile; fileRef = 4FA28BBD20F67F1100AD3840 /* AppDelegate.swift */; };
		4FA28BC020F67F1100AD3840 /* ViewController.swift in Sources */ = {isa = PBXBuildFile; fileRef = 4FA28BBF20F67F1100AD3840 /* ViewController.swift */; };
		4FA28BC320F67F1100AD3840 /* Main.storyboard in Resources */ = {isa = PBXBuildFile; fileRef = 4FA28BC120F67F1100AD3840 /* Main.storyboard */; };
		4FA28BC520F67F1500AD3840 /* Assets.xcassets in Resources */ = {isa = PBXBuildFile; fileRef = 4FA28BC420F67F1500AD3840 /* Assets.xcassets */; };
		4FA28BC820F67F1500AD3840 /* LaunchScreen.storyboard in Resources */ = {isa = PBXBuildFile; fileRef = 4FA28BC620F67F1500AD3840 /* LaunchScreen.storyboard */; };
		4FA28BD320F67F1500AD3840 /* Pizza_HunterTests.swift in Sources */ = {isa = PBXBuildFile; fileRef = 4FA28BD220F67F1500AD3840 /* Pizza_HunterTests.swift */; };
		4FA28BDE20F67F1500AD3840 /* Pizza_HunterUITests.swift in Sources */ = {isa = PBXBuildFile; fileRef = 4FA28BDD20F67F1500AD3840 /* Pizza_HunterUITests.swift */; };
		4FA28BEC20F68D9200AD3840 /* LocationDetailsViewController.swift in Sources */ = {isa = PBXBuildFile; fileRef = 4FA28BEB20F68D9200AD3840 /* LocationDetailsViewController.swift */; };
/* End PBXBuildFile section */

/* Begin PBXContainerItemProxy section */
		4FA28BCF20F67F1500AD3840 /* PBXContainerItemProxy */ = {
			isa = PBXContainerItemProxy;
			containerPortal = 4FA28BB220F67F1100AD3840 /* Project object */;
			proxyType = 1;
			remoteGlobalIDString = 4FA28BB920F67F1100AD3840;
			remoteInfo = "Pizza Hunter";
		};
		4FA28BDA20F67F1500AD3840 /* PBXContainerItemProxy */ = {
			isa = PBXContainerItemProxy;
			containerPortal = 4FA28BB220F67F1100AD3840 /* Project object */;
			proxyType = 1;
			remoteGlobalIDString = 4FA28BB920F67F1100AD3840;
			remoteInfo = "Pizza Hunter";
		};
/* End PBXContainerItemProxy section */

/* Begin PBXFileReference section */
		4FA28BBA20F67F1100AD3840 /* Pizza Hunter.app */ = {isa = PBXFileReference; explicitFileType = wrapper.application; includeInIndex = 0; path = "Pizza Hunter.app"; sourceTree = BUILT_PRODUCTS_DIR; };
		4FA28BBD20F67F1100AD3840 /* AppDelegate.swift */ = {isa = PBXFileReference; lastKnownFileType = sourcecode.swift; path = AppDelegate.swift; sourceTree = "<group>"; };
		4FA28BBF20F67F1100AD3840 /* ViewController.swift */ = {isa = PBXFileReference; lastKnownFileType = sourcecode.swift; path = ViewController.swift; sourceTree = "<group>"; };
		4FA28BC220F67F1100AD3840 /* Base */ = {isa = PBXFileReference; lastKnownFileType = file.storyboard; name = Base; path = Base.lproj/Main.storyboard; sourceTree = "<group>"; };
		4FA28BC420F67F1500AD3840 /* Assets.xcassets */ = {isa = PBXFileReference; lastKnownFileType = folder.assetcatalog; path = Assets.xcassets; sourceTree = "<group>"; };
		4FA28BC720F67F1500AD3840 /* Base */ = {isa = PBXFileReference; lastKnownFileType = file.storyboard; name = Base; path = Base.lproj/LaunchScreen.storyboard; sourceTree = "<group>"; };
		4FA28BC920F67F1500AD3840 /* Info.plist */ = {isa = PBXFileReference; lastKnownFileType = text.plist.xml; path = Info.plist; sourceTree = "<group>"; };
		4FA28BCE20F67F1500AD3840 /* Pizza HunterTests.xctest */ = {isa = PBXFileReference; explicitFileType = wrapper.cfbundle; includeInIndex = 0; path = "Pizza HunterTests.xctest"; sourceTree = BUILT_PRODUCTS_DIR; };
		4FA28BD220F67F1500AD3840 /* Pizza_HunterTests.swift */ = {isa = PBXFileReference; lastKnownFileType = sourcecode.swift; path = Pizza_HunterTests.swift; sourceTree = "<group>"; };
		4FA28BD420F67F1500AD3840 /* Info.plist */ = {isa = PBXFileReference; lastKnownFileType = text.plist.xml; path = Info.plist; sourceTree = "<group>"; };
		4FA28BD920F67F1500AD3840 /* Pizza HunterUITests.xctest */ = {isa = PBXFileReference; explicitFileType = wrapper.cfbundle; includeInIndex = 0; path = "Pizza HunterUITests.xctest"; sourceTree = BUILT_PRODUCTS_DIR; };
		4FA28BDD20F67F1500AD3840 /* Pizza_HunterUITests.swift */ = {isa = PBXFileReference; lastKnownFileType = sourcecode.swift; path = Pizza_HunterUITests.swift; sourceTree = "<group>"; };
		4FA28BDF20F67F1500AD3840 /* Info.plist */ = {isa = PBXFileReference; lastKnownFileType = text.plist.xml; path = Info.plist; sourceTree = "<group>"; };
		4FA28BEB20F68D9200AD3840 /* LocationDetailsViewController.swift */ = {isa = PBXFileReference; lastKnownFileType = sourcecode.swift; path = LocationDetailsViewController.swift; sourceTree = "<group>"; };
/* End PBXFileReference section */

/* Begin PBXFrameworksBuildPhase section */
		4FA28BB720F67F1100AD3840 /* Frameworks */ = {
			isa = PBXFrameworksBuildPhase;
			buildActionMask = 2147483647;
			files = (
			);
			runOnlyForDeploymentPostprocessing = 0;
		};
		4FA28BCB20F67F1500AD3840 /* Frameworks */ = {
			isa = PBXFrameworksBuildPhase;
			buildActionMask = 2147483647;
			files = (
			);
			runOnlyForDeploymentPostprocessing = 0;
		};
		4FA28BD620F67F1500AD3840 /* Frameworks */ = {
			isa = PBXFrameworksBuildPhase;
			buildActionMask = 2147483647;
			files = (
			);
			runOnlyForDeploymentPostprocessing = 0;
		};
/* End PBXFrameworksBuildPhase section */

/* Begin PBXGroup section */
		4FA28BB120F67F1100AD3840 = {
			isa = PBXGroup;
			children = (
				4FA28BBC20F67F1100AD3840 /* Pizza Hunter */,
				4FA28BD120F67F1500AD3840 /* Pizza HunterTests */,
				4FA28BDC20F67F1500AD3840 /* Pizza HunterUITests */,
				4FA28BBB20F67F1100AD3840 /* Products */,
			);
			sourceTree = "<group>";
		};
		4FA28BBB20F67F1100AD3840 /* Products */ = {
			isa = PBXGroup;
			children = (
				4FA28BBA20F67F1100AD3840 /* Pizza Hunter.app */,
				4FA28BCE20F67F1500AD3840 /* Pizza HunterTests.xctest */,
				4FA28BD920F67F1500AD3840 /* Pizza HunterUITests.xctest */,
			);
			name = Products;
			sourceTree = "<group>";
		};
		4FA28BBC20F67F1100AD3840 /* Pizza Hunter */ = {
			isa = PBXGroup;
			children = (
				4FA28BBD20F67F1100AD3840 /* AppDelegate.swift */,
				4FA28BBF20F67F1100AD3840 /* ViewController.swift */,
				4FA28BEB20F68D9200AD3840 /* LocationDetailsViewController.swift */,
				4FA28BC120F67F1100AD3840 /* Main.storyboard */,
				4FA28BC420F67F1500AD3840 /* Assets.xcassets */,
				4FA28BC620F67F1500AD3840 /* LaunchScreen.storyboard */,
				4FA28BC920F67F1500AD3840 /* Info.plist */,
			);
			path = "Pizza Hunter";
			sourceTree = "<group>";
		};
		4FA28BD120F67F1500AD3840 /* Pizza HunterTests */ = {
			isa = PBXGroup;
			children = (
				4FA28BD220F67F1500AD3840 /* Pizza_HunterTests.swift */,
				4FA28BD420F67F1500AD3840 /* Info.plist */,
			);
			path = "Pizza HunterTests";
			sourceTree = "<group>";
		};
		4FA28BDC20F67F1500AD3840 /* Pizza HunterUITests */ = {
			isa = PBXGroup;
			children = (
				4FA28BDD20F67F1500AD3840 /* Pizza_HunterUITests.swift */,
				4FA28BDF20F67F1500AD3840 /* Info.plist */,
			);
			path = "Pizza HunterUITests";
			sourceTree = "<group>";
		};
/* End PBXGroup section */

/* Begin PBXNativeTarget section */
		4FA28BB920F67F1100AD3840 /* Pizza Hunter */ = {
			isa = PBXNativeTarget;
			buildConfigurationList = 4FA28BE220F67F1500AD3840 /* Build configuration list for PBXNativeTarget "Pizza Hunter" */;
			buildPhases = (
				4FA28BB620F67F1100AD3840 /* Sources */,
				4FA28BB720F67F1100AD3840 /* Frameworks */,
				4FA28BB820F67F1100AD3840 /* Resources */,
			);
			buildRules = (
			);
			dependencies = (
			);
			name = "Pizza Hunter";
			productName = "Pizza Hunter";
			productReference = 4FA28BBA20F67F1100AD3840 /* Pizza Hunter.app */;
			productType = "com.apple.product-type.application";
		};
		4FA28BCD20F67F1500AD3840 /* Pizza HunterTests */ = {
			isa = PBXNativeTarget;
			buildConfigurationList = 4FA28BE520F67F1500AD3840 /* Build configuration list for PBXNativeTarget "Pizza HunterTests" */;
			buildPhases = (
				4FA28BCA20F67F1500AD3840 /* Sources */,
				4FA28BCB20F67F1500AD3840 /* Frameworks */,
				4FA28BCC20F67F1500AD3840 /* Resources */,
			);
			buildRules = (
			);
			dependencies = (
				4FA28BD020F67F1500AD3840 /* PBXTargetDependency */,
			);
			name = "Pizza HunterTests";
			productName = "Pizza HunterTests";
			productReference = 4FA28BCE20F67F1500AD3840 /* Pizza HunterTests.xctest */;
			productType = "com.apple.product-type.bundle.unit-test";
		};
		4FA28BD820F67F1500AD3840 /* Pizza HunterUITests */ = {
			isa = PBXNativeTarget;
			buildConfigurationList = 4FA28BE820F67F1500AD3840 /* Build configuration list for PBXNativeTarget "Pizza HunterUITests" */;
			buildPhases = (
				4FA28BD520F67F1500AD3840 /* Sources */,
				4FA28BD620F67F1500AD3840 /* Frameworks */,
				4FA28BD720F67F1500AD3840 /* Resources */,
			);
			buildRules = (
			);
			dependencies = (
				4FA28BDB20F67F1500AD3840 /* PBXTargetDependency */,
			);
			name = "Pizza HunterUITests";
			productName = "Pizza HunterUITests";
			productReference = 4FA28BD920F67F1500AD3840 /* Pizza HunterUITests.xctest */;
			productType = "com.apple.product-type.bundle.ui-testing";
		};
/* End PBXNativeTarget section */

/* Begin PBXProject section */
		4FA28BB220F67F1100AD3840 /* Project object */ = {
			isa = PBXProject;
			attributes = {
				LastSwiftUpdateCheck = 0940;
				LastUpgradeCheck = 0940;
				ORGANIZATIONNAME = "Noah Rubin";
				TargetAttributes = {
					4FA28BB920F67F1100AD3840 = {
						CreatedOnToolsVersion = 9.4.1;
					};
					4FA28BCD20F67F1500AD3840 = {
						CreatedOnToolsVersion = 9.4.1;
						TestTargetID = 4FA28BB920F67F1100AD3840;
					};
					4FA28BD820F67F1500AD3840 = {
						CreatedOnToolsVersion = 9.4.1;
						TestTargetID = 4FA28BB920F67F1100AD3840;
					};
				};
			};
			buildConfigurationList = 4FA28BB520F67F1100AD3840 /* Build configuration list for PBXProject "Pizza Hunter" */;
			compatibilityVersion = "Xcode 9.3";
			developmentRegion = en;
			hasScannedForEncodings = 0;
			knownRegions = (
				en,
				Base,
			);
			mainGroup = 4FA28BB120F67F1100AD3840;
			productRefGroup = 4FA28BBB20F67F1100AD3840 /* Products */;
			projectDirPath = "";
			projectRoot = "";
			targets = (
				4FA28BB920F67F1100AD3840 /* Pizza Hunter */,
				4FA28BCD20F67F1500AD3840 /* Pizza HunterTests */,
				4FA28BD820F67F1500AD3840 /* Pizza HunterUITests */,
			);
		};
/* End PBXProject section */

/* Begin PBXResourcesBuildPhase section */
		4FA28BB820F67F1100AD3840 /* Resources */ = {
			isa = PBXResourcesBuildPhase;
			buildActionMask = 2147483647;
			files = (
				4FA28BC820F67F1500AD3840 /* LaunchScreen.storyboard in Resources */,
				4FA28BC520F67F1500AD3840 /* Assets.xcassets in Resources */,
				4FA28BC320F67F1100AD3840 /* Main.storyboard in Resources */,
			);
			runOnlyForDeploymentPostprocessing = 0;
		};
		4FA28BCC20F67F1500AD3840 /* Resources */ = {
			isa = PBXResourcesBuildPhase;
			buildActionMask = 2147483647;
			files = (
			);
			runOnlyForDeploymentPostprocessing = 0;
		};
		4FA28BD720F67F1500AD3840 /* Resources */ = {
			isa = PBXResourcesBuildPhase;
			buildActionMask = 2147483647;
			files = (
			);
			runOnlyForDeploymentPostprocessing = 0;
		};
/* End PBXResourcesBuildPhase section */

/* Begin PBXSourcesBuildPhase section */
		4FA28BB620F67F1100AD3840 /* Sources */ = {
			isa = PBXSourcesBuildPhase;
			buildActionMask = 2147483647;
			files = (
				4FA28BEC20F68D9200AD3840 /* LocationDetailsViewController.swift in Sources */,
				4FA28BC020F67F1100AD3840 /* ViewController.swift in Sources */,
				4FA28BBE20F67F1100AD3840 /* AppDelegate.swift in Sources */,
			);
			runOnlyForDeploymentPostprocessing = 0;
		};
		4FA28BCA20F67F1500AD3840 /* Sources */ = {
			isa = PBXSourcesBuildPhase;
			buildActionMask = 2147483647;
			files = (
				4FA28BD320F67F1500AD3840 /* Pizza_HunterTests.swift in Sources */,
			);
			runOnlyForDeploymentPostprocessing = 0;
		};
		4FA28BD520F67F1500AD3840 /* Sources */ = {
			isa = PBXSourcesBuildPhase;
			buildActionMask = 2147483647;
			files = (
				4FA28BDE20F67F1500AD3840 /* Pizza_HunterUITests.swift in Sources */,
			);
			runOnlyForDeploymentPostprocessing = 0;
		};
/* End PBXSourcesBuildPhase section */

/* Begin PBXTargetDependency section */
		4FA28BD020F67F1500AD3840 /* PBXTargetDependency */ = {
			isa = PBXTargetDependency;
			target = 4FA28BB920F67F1100AD3840 /* Pizza Hunter */;
			targetProxy = 4FA28BCF20F67F1500AD3840 /* PBXContainerItemProxy */;
		};
		4FA28BDB20F67F1500AD3840 /* PBXTargetDependency */ = {
			isa = PBXTargetDependency;
			target = 4FA28BB920F67F1100AD3840 /* Pizza Hunter */;
			targetProxy = 4FA28BDA20F67F1500AD3840 /* PBXContainerItemProxy */;
		};
/* End PBXTargetDependency section */

/* Begin PBXVariantGroup section */
		4FA28BC120F67F1100AD3840 /* Main.storyboard */ = {
			isa = PBXVariantGroup;
			children = (
				4FA28BC220F67F1100AD3840 /* Base */,
			);
			name = Main.storyboard;
			sourceTree = "<group>";
		};
		4FA28BC620F67F1500AD3840 /* LaunchScreen.storyboard */ = {
			isa = PBXVariantGroup;
			children = (
				4FA28BC720F67F1500AD3840 /* Base */,
			);
			name = LaunchScreen.storyboard;
			sourceTree = "<group>";
		};
/* End PBXVariantGroup section */

/* Begin XCBuildConfiguration section */
		4FA28BE020F67F1500AD3840 /* Debug */ = {
			isa = XCBuildConfiguration;
			buildSettings = {
				ALWAYS_SEARCH_USER_PATHS = NO;
				CLANG_ANALYZER_NONNULL = YES;
				CLANG_ANALYZER_NUMBER_OBJECT_CONVERSION = YES_AGGRESSIVE;
				CLANG_CXX_LANGUAGE_STANDARD = "gnu++14";
				CLANG_CXX_LIBRARY = "libc++";
				CLANG_ENABLE_MODULES = YES;
				CLANG_ENABLE_OBJC_ARC = YES;
				CLANG_ENABLE_OBJC_WEAK = YES;
				CLANG_WARN_BLOCK_CAPTURE_AUTORELEASING = YES;
				CLANG_WARN_BOOL_CONVERSION = YES;
				CLANG_WARN_COMMA = YES;
				CLANG_WARN_CONSTANT_CONVERSION = YES;
				CLANG_WARN_DEPRECATED_OBJC_IMPLEMENTATIONS = YES;
				CLANG_WARN_DIRECT_OBJC_ISA_USAGE = YES_ERROR;
				CLANG_WARN_DOCUMENTATION_COMMENTS = YES;
				CLANG_WARN_EMPTY_BODY = YES;
				CLANG_WARN_ENUM_CONVERSION = YES;
				CLANG_WARN_INFINITE_RECURSION = YES;
				CLANG_WARN_INT_CONVERSION = YES;
				CLANG_WARN_NON_LITERAL_NULL_CONVERSION = YES;
				CLANG_WARN_OBJC_IMPLICIT_RETAIN_SELF = YES;
				CLANG_WARN_OBJC_LITERAL_CONVERSION = YES;
				CLANG_WARN_OBJC_ROOT_CLASS = YES_ERROR;
				CLANG_WARN_RANGE_LOOP_ANALYSIS = YES;
				CLANG_WARN_STRICT_PROTOTYPES = YES;
				CLANG_WARN_SUSPICIOUS_MOVE = YES;
				CLANG_WARN_UNGUARDED_AVAILABILITY = YES_AGGRESSIVE;
				CLANG_WARN_UNREACHABLE_CODE = YES;
				CLANG_WARN__DUPLICATE_METHOD_MATCH = YES;
				CODE_SIGN_IDENTITY = "iPhone Developer";
				COPY_PHASE_STRIP = NO;
				DEBUG_INFORMATION_FORMAT = dwarf;
				ENABLE_STRICT_OBJC_MSGSEND = YES;
				ENABLE_TESTABILITY = YES;
				GCC_C_LANGUAGE_STANDARD = gnu11;
				GCC_DYNAMIC_NO_PIC = NO;
				GCC_NO_COMMON_BLOCKS = YES;
				GCC_OPTIMIZATION_LEVEL = 0;
				GCC_PREPROCESSOR_DEFINITIONS = (
					"DEBUG=1",
					"$(inherited)",
				);
				GCC_WARN_64_TO_32_BIT_CONVERSION = YES;
				GCC_WARN_ABOUT_RETURN_TYPE = YES_ERROR;
				GCC_WARN_UNDECLARED_SELECTOR = YES;
				GCC_WARN_UNINITIALIZED_AUTOS = YES_AGGRESSIVE;
				GCC_WARN_UNUSED_FUNCTION = YES;
				GCC_WARN_UNUSED_VARIABLE = YES;
				IPHONEOS_DEPLOYMENT_TARGET = 11.4;
				MTL_ENABLE_DEBUG_INFO = YES;
				ONLY_ACTIVE_ARCH = YES;
				SDKROOT = iphoneos;
				SWIFT_ACTIVE_COMPILATION_CONDITIONS = DEBUG;
				SWIFT_OPTIMIZATION_LEVEL = "-Onone";
			};
			name = Debug;
		};
		4FA28BE120F67F1500AD3840 /* Release */ = {
			isa = XCBuildConfiguration;
			buildSettings = {
				ALWAYS_SEARCH_USER_PATHS = NO;
				CLANG_ANALYZER_NONNULL = YES;
				CLANG_ANALYZER_NUMBER_OBJECT_CONVERSION = YES_AGGRESSIVE;
				CLANG_CXX_LANGUAGE_STANDARD = "gnu++14";
				CLANG_CXX_LIBRARY = "libc++";
				CLANG_ENABLE_MODULES = YES;
				CLANG_ENABLE_OBJC_ARC = YES;
				CLANG_ENABLE_OBJC_WEAK = YES;
				CLANG_WARN_BLOCK_CAPTURE_AUTORELEASING = YES;
				CLANG_WARN_BOOL_CONVERSION = YES;
				CLANG_WARN_COMMA = YES;
				CLANG_WARN_CONSTANT_CONVERSION = YES;
				CLANG_WARN_DEPRECATED_OBJC_IMPLEMENTATIONS = YES;
				CLANG_WARN_DIRECT_OBJC_ISA_USAGE = YES_ERROR;
				CLANG_WARN_DOCUMENTATION_COMMENTS = YES;
				CLANG_WARN_EMPTY_BODY = YES;
				CLANG_WARN_ENUM_CONVERSION = YES;
				CLANG_WARN_INFINITE_RECURSION = YES;
				CLANG_WARN_INT_CONVERSION = YES;
				CLANG_WARN_NON_LITERAL_NULL_CONVERSION = YES;
				CLANG_WARN_OBJC_IMPLICIT_RETAIN_SELF = YES;
				CLANG_WARN_OBJC_LITERAL_CONVERSION = YES;
				CLANG_WARN_OBJC_ROOT_CLASS = YES_ERROR;
				CLANG_WARN_RANGE_LOOP_ANALYSIS = YES;
				CLANG_WARN_STRICT_PROTOTYPES = YES;
				CLANG_WARN_SUSPICIOUS_MOVE = YES;
				CLANG_WARN_UNGUARDED_AVAILABILITY = YES_AGGRESSIVE;
				CLANG_WARN_UNREACHABLE_CODE = YES;
				CLANG_WARN__DUPLICATE_METHOD_MATCH = YES;
				CODE_SIGN_IDENTITY = "iPhone Developer";
				COPY_PHASE_STRIP = NO;
				DEBUG_INFORMATION_FORMAT = "dwarf-with-dsym";
				ENABLE_NS_ASSERTIONS = NO;
				ENABLE_STRICT_OBJC_MSGSEND = YES;
				GCC_C_LANGUAGE_STANDARD = gnu11;
				GCC_NO_COMMON_BLOCKS = YES;
				GCC_WARN_64_TO_32_BIT_CONVERSION = YES;
				GCC_WARN_ABOUT_RETURN_TYPE = YES_ERROR;
				GCC_WARN_UNDECLARED_SELECTOR = YES;
				GCC_WARN_UNINITIALIZED_AUTOS = YES_AGGRESSIVE;
				GCC_WARN_UNUSED_FUNCTION = YES;
				GCC_WARN_UNUSED_VARIABLE = YES;
				IPHONEOS_DEPLOYMENT_TARGET = 11.4;
				MTL_ENABLE_DEBUG_INFO = NO;
				SDKROOT = iphoneos;
				SWIFT_COMPILATION_MODE = wholemodule;
				SWIFT_OPTIMIZATION_LEVEL = "-O";
				VALIDATE_PRODUCT = YES;
			};
			name = Release;
		};
		4FA28BE320F67F1500AD3840 /* Debug */ = {
			isa = XCBuildConfiguration;
			buildSettings = {
				ASSETCATALOG_COMPILER_APPICON_NAME = AppIcon;
				CODE_SIGN_STYLE = Automatic;
				DEVELOPMENT_TEAM = P4ZD4APHU4;
				INFOPLIST_FILE = "Pizza Hunter/Info.plist";
				LD_RUNPATH_SEARCH_PATHS = (
					"$(inherited)",
					"@executable_path/Frameworks",
				);
				PRODUCT_BUNDLE_IDENTIFIER = "Noah-Rubin.Pizza-Hunter";
				PRODUCT_NAME = "$(TARGET_NAME)";
				SWIFT_VERSION = 4.0;
				TARGETED_DEVICE_FAMILY = "1,2";
			};
			name = Debug;
		};
		4FA28BE420F67F1500AD3840 /* Release */ = {
			isa = XCBuildConfiguration;
			buildSettings = {
				ASSETCATALOG_COMPILER_APPICON_NAME = AppIcon;
				CODE_SIGN_STYLE = Automatic;
				DEVELOPMENT_TEAM = P4ZD4APHU4;
				INFOPLIST_FILE = "Pizza Hunter/Info.plist";
				LD_RUNPATH_SEARCH_PATHS = (
					"$(inherited)",
					"@executable_path/Frameworks",
				);
				PRODUCT_BUNDLE_IDENTIFIER = "Noah-Rubin.Pizza-Hunter";
				PRODUCT_NAME = "$(TARGET_NAME)";
				SWIFT_VERSION = 4.0;
				TARGETED_DEVICE_FAMILY = "1,2";
			};
			name = Release;
		};
		4FA28BE620F67F1500AD3840 /* Debug */ = {
			isa = XCBuildConfiguration;
			buildSettings = {
				ALWAYS_EMBED_SWIFT_STANDARD_LIBRARIES = YES;
				BUNDLE_LOADER = "$(TEST_HOST)";
				CODE_SIGN_STYLE = Automatic;
				DEVELOPMENT_TEAM = P4ZD4APHU4;
				INFOPLIST_FILE = "Pizza HunterTests/Info.plist";
				LD_RUNPATH_SEARCH_PATHS = (
					"$(inherited)",
					"@executable_path/Frameworks",
					"@loader_path/Frameworks",
				);
				PRODUCT_BUNDLE_IDENTIFIER = "Noah-Rubin.Pizza-HunterTests";
				PRODUCT_NAME = "$(TARGET_NAME)";
				SWIFT_VERSION = 4.0;
				TARGETED_DEVICE_FAMILY = "1,2";
				TEST_HOST = "$(BUILT_PRODUCTS_DIR)/Pizza Hunter.app/Pizza Hunter";
			};
			name = Debug;
		};
		4FA28BE720F67F1500AD3840 /* Release */ = {
			isa = XCBuildConfiguration;
			buildSettings = {
				ALWAYS_EMBED_SWIFT_STANDARD_LIBRARIES = YES;
				BUNDLE_LOADER = "$(TEST_HOST)";
				CODE_SIGN_STYLE = Automatic;
				DEVELOPMENT_TEAM = P4ZD4APHU4;
				INFOPLIST_FILE = "Pizza HunterTests/Info.plist";
				LD_RUNPATH_SEARCH_PATHS = (
					"$(inherited)",
					"@executable_path/Frameworks",
					"@loader_path/Frameworks",
				);
				PRODUCT_BUNDLE_IDENTIFIER = "Noah-Rubin.Pizza-HunterTests";
				PRODUCT_NAME = "$(TARGET_NAME)";
				SWIFT_VERSION = 4.0;
				TARGETED_DEVICE_FAMILY = "1,2";
				TEST_HOST = "$(BUILT_PRODUCTS_DIR)/Pizza Hunter.app/Pizza Hunter";
			};
			name = Release;
		};
		4FA28BE920F67F1500AD3840 /* Debug */ = {
			isa = XCBuildConfiguration;
			buildSettings = {
				ALWAYS_EMBED_SWIFT_STANDARD_LIBRARIES = YES;
				CODE_SIGN_STYLE = Automatic;
				DEVELOPMENT_TEAM = P4ZD4APHU4;
				INFOPLIST_FILE = "Pizza HunterUITests/Info.plist";
				LD_RUNPATH_SEARCH_PATHS = (
					"$(inherited)",
					"@executable_path/Frameworks",
					"@loader_path/Frameworks",
				);
				PRODUCT_BUNDLE_IDENTIFIER = "Noah-Rubin.Pizza-HunterUITests";
				PRODUCT_NAME = "$(TARGET_NAME)";
				SWIFT_VERSION = 4.0;
				TARGETED_DEVICE_FAMILY = "1,2";
				TEST_TARGET_NAME = "Pizza Hunter";
			};
			name = Debug;
		};
		4FA28BEA20F67F1500AD3840 /* Release */ = {
			isa = XCBuildConfiguration;
			buildSettings = {
				ALWAYS_EMBED_SWIFT_STANDARD_LIBRARIES = YES;
				CODE_SIGN_STYLE = Automatic;
				DEVELOPMENT_TEAM = P4ZD4APHU4;
				INFOPLIST_FILE = "Pizza HunterUITests/Info.plist";
				LD_RUNPATH_SEARCH_PATHS = (
					"$(inherited)",
					"@executable_path/Frameworks",
					"@loader_path/Frameworks",
				);
				PRODUCT_BUNDLE_IDENTIFIER = "Noah-Rubin.Pizza-HunterUITests";
				PRODUCT_NAME = "$(TARGET_NAME)";
				SWIFT_VERSION = 4.0;
				TARGETED_DEVICE_FAMILY = "1,2";
				TEST_TARGET_NAME = "Pizza Hunter";
			};
			name = Release;
		};
/* End XCBuildConfiguration section */

/* Begin XCConfigurationList section */
		4FA28BB520F67F1100AD3840 /* Build configuration list for PBXProject "Pizza Hunter" */ = {
			isa = XCConfigurationList;
			buildConfigurations = (
				4FA28BE020F67F1500AD3840 /* Debug */,
				4FA28BE120F67F1500AD3840 /* Release */,
			);
			defaultConfigurationIsVisible = 0;
			defaultConfigurationName = Release;
		};
		4FA28BE220F67F1500AD3840 /* Build configuration list for PBXNativeTarget "Pizza Hunter" */ = {
			isa = XCConfigurationList;
			buildConfigurations = (
				4FA28BE320F67F1500AD3840 /* Debug */,
				4FA28BE420F67F1500AD3840 /* Release */,
			);
			defaultConfigurationIsVisible = 0;
			defaultConfigurationName = Release;
		};
		4FA28BE520F67F1500AD3840 /* Build configuration list for PBXNativeTarget "Pizza HunterTests" */ = {
			isa = XCConfigurationList;
			buildConfigurations = (
				4FA28BE620F67F1500AD3840 /* Debug */,
				4FA28BE720F67F1500AD3840 /* Release */,
			);
			defaultConfigurationIsVisible = 0;
			defaultConfigurationName = Release;
		};
		4FA28BE820F67F1500AD3840 /* Build configuration list for PBXNativeTarget "Pizza HunterUITests" */ = {
			isa = XCConfigurationList;
			buildConfigurations = (
				4FA28BE920F67F1500AD3840 /* Debug */,
				4FA28BEA20F67F1500AD3840 /* Release */,
			);
			defaultConfigurationIsVisible = 0;
			defaultConfigurationName = Release;
		};
/* End XCConfigurationList section */
	};
	rootObject = 4FA28BB220F67F1100AD3840 /* Project object */;
}
